// !$*UTF8*$!
{
	archiveVersion = 1;
	classes = {
	};
	objectVersion = 46;
	objects = {

/* Begin PBXBuildFile section */
		56453F7A156EC0C90011BF8D /* PMSKHomeViewController.m in Sources */ = {isa = PBXBuildFile; fileRef = 56453F78156EC0C90011BF8D /* PMSKHomeViewController.m */; };
		56453F7B156EC0C90011BF8D /* PMSKHomeViewController.xib in Resources */ = {isa = PBXBuildFile; fileRef = 56453F79156EC0C90011BF8D /* PMSKHomeViewController.xib */; };
		56453F7F156EC2A90011BF8D /* ViewControllers.plist in Resources */ = {isa = PBXBuildFile; fileRef = 56453F7E156EC2A90011BF8D /* ViewControllers.plist */; };
		56453F8E156EC6EB0011BF8D /* PMSKNSURLConnectionViewController.m in Sources */ = {isa = PBXBuildFile; fileRef = 56453F8C156EC6EB0011BF8D /* PMSKNSURLConnectionViewController.m */; };
		56453F8F156EC6EB0011BF8D /* PMSKNSURLConnectionViewController.xib in Resources */ = {isa = PBXBuildFile; fileRef = 56453F8D156EC6EB0011BF8D /* PMSKNSURLConnectionViewController.xib */; };
		56453F93156EC7010011BF8D /* PMSKASIHTTPRequestViewController.m in Sources */ = {isa = PBXBuildFile; fileRef = 56453F91156EC7010011BF8D /* PMSKASIHTTPRequestViewController.m */; };
		56453F94156EC7010011BF8D /* PMSKASIHTTPRequestViewController.xib in Resources */ = {isa = PBXBuildFile; fileRef = 56453F92156EC7010011BF8D /* PMSKASIHTTPRequestViewController.xib */; };
		56454034156EEBE30011BF8D /* PMSKPlanet.m in Sources */ = {isa = PBXBuildFile; fileRef = 56454033156EEBE30011BF8D /* PMSKPlanet.m */; };
		56454037156EED3C0011BF8D /* PMSKGalaxy.m in Sources */ = {isa = PBXBuildFile; fileRef = 56454036156EED3C0011BF8D /* PMSKGalaxy.m */; };
		56BDA2C7156C24F50091ECEF /* UIKit.framework in Frameworks */ = {isa = PBXBuildFile; fileRef = 56BDA2C6156C24F50091ECEF /* UIKit.framework */; };
		56BDA2C9156C24F50091ECEF /* Foundation.framework in Frameworks */ = {isa = PBXBuildFile; fileRef = 56BDA2C8156C24F50091ECEF /* Foundation.framework */; };
		56BDA2CB156C24F50091ECEF /* CoreGraphics.framework in Frameworks */ = {isa = PBXBuildFile; fileRef = 56BDA2CA156C24F50091ECEF /* CoreGraphics.framework */; };
		56BDA2D1156C24F50091ECEF /* InfoPlist.strings in Resources */ = {isa = PBXBuildFile; fileRef = 56BDA2CF156C24F50091ECEF /* InfoPlist.strings */; };
		56BDA2D3156C24F50091ECEF /* main.m in Sources */ = {isa = PBXBuildFile; fileRef = 56BDA2D2156C24F50091ECEF /* main.m */; };
		56BDA2D7156C24F50091ECEF /* PMSKAppDelegate.m in Sources */ = {isa = PBXBuildFile; fileRef = 56BDA2D6156C24F50091ECEF /* PMSKAppDelegate.m */; };
		56BDA457156C39BC0091ECEF /* CFNetwork.framework in Frameworks */ = {isa = PBXBuildFile; fileRef = 56BDA456156C39BC0091ECEF /* CFNetwork.framework */; };
		56BDA459156C39C30091ECEF /* SystemConfiguration.framework in Frameworks */ = {isa = PBXBuildFile; fileRef = 56BDA458156C39C30091ECEF /* SystemConfiguration.framework */; };
		56BDA45B156C39C80091ECEF /* MobileCoreServices.framework in Frameworks */ = {isa = PBXBuildFile; fileRef = 56BDA45A156C39C80091ECEF /* MobileCoreServices.framework */; };
		56BDA45D156C39DA0091ECEF /* libz.dylib in Frameworks */ = {isa = PBXBuildFile; fileRef = 56BDA45C156C39DA0091ECEF /* libz.dylib */; };
		56BDA462156C3D320091ECEF /* libPMTouch.a in Frameworks */ = {isa = PBXBuildFile; fileRef = 56BDA337156C2EA40091ECEF /* libPMTouch.a */; };
		6015A82316519FB3009299A4 /* AVFoundation.framework in Frameworks */ = {isa = PBXBuildFile; fileRef = 6015A82216519FB3009299A4 /* AVFoundation.framework */; };
		6015A82716519FF3009299A4 /* PMSKAudioPlayerViewController.m in Sources */ = {isa = PBXBuildFile; fileRef = 6015A82516519FF3009299A4 /* PMSKAudioPlayerViewController.m */; };
		6015A82816519FF3009299A4 /* PMSKAudioPlayerViewController.xib in Resources */ = {isa = PBXBuildFile; fileRef = 6015A82616519FF3009299A4 /* PMSKAudioPlayerViewController.xib */; };
		6015A82B1651A1D9009299A4 /* fileaudio.m4a in Resources */ = {isa = PBXBuildFile; fileRef = 6015A82A1651A1D9009299A4 /* fileaudio.m4a */; };
		6018D9B6163F0C9B00118481 /* PMSKiAdViewController.m in Sources */ = {isa = PBXBuildFile; fileRef = 6018D9B4163F0C9B00118481 /* PMSKiAdViewController.m */; };
		6018D9B7163F0C9B00118481 /* PMSKiAdViewController.xib in Resources */ = {isa = PBXBuildFile; fileRef = 6018D9B5163F0C9B00118481 /* PMSKiAdViewController.xib */; };
		6018D9B9163F0D7300118481 /* iAd.framework in Frameworks */ = {isa = PBXBuildFile; fileRef = 6018D9B8163F0D7300118481 /* iAd.framework */; };
		6018D9BD163F133D00118481 /* PMSKTempViewController.m in Sources */ = {isa = PBXBuildFile; fileRef = 6018D9BB163F133D00118481 /* PMSKTempViewController.m */; };
		6018D9BE163F133D00118481 /* PMSKTempViewController.xib in Resources */ = {isa = PBXBuildFile; fileRef = 6018D9BC163F133D00118481 /* PMSKTempViewController.xib */; };
		601C6C221652DD3A0073EE98 /* MBProgressHUD.m in Sources */ = {isa = PBXBuildFile; fileRef = 601C6C211652DD3A0073EE98 /* MBProgressHUD.m */; };
		601C6C591652F4620073EE98 /* PMSKDesignPatternViewController.m in Sources */ = {isa = PBXBuildFile; fileRef = 601C6C571652F4620073EE98 /* PMSKDesignPatternViewController.m */; };
		601C6C5A1652F4620073EE98 /* PMSKDesignPatternViewController.xib in Resources */ = {isa = PBXBuildFile; fileRef = 601C6C581652F4620073EE98 /* PMSKDesignPatternViewController.xib */; };
		6020CF0D16530E9B002AC7AF /* AudioToolbox.framework in Frameworks */ = {isa = PBXBuildFile; fileRef = 6020CF0C16530E9B002AC7AF /* AudioToolbox.framework */; };
		6022CADF16515B3700B3C9C6 /* PMSKInAppPurchaseViewController.m in Sources */ = {isa = PBXBuildFile; fileRef = 6022CADD16515B3700B3C9C6 /* PMSKInAppPurchaseViewController.m */; };
		6022CAE016515B3700B3C9C6 /* PMSKInAppPurchaseViewController.xib in Resources */ = {isa = PBXBuildFile; fileRef = 6022CADE16515B3700B3C9C6 /* PMSKInAppPurchaseViewController.xib */; };
		6022CAE216515B8B00B3C9C6 /* StoreKit.framework in Frameworks */ = {isa = PBXBuildFile; fileRef = 6022CAE116515B8B00B3C9C6 /* StoreKit.framework */; };
		6046A41416518B5E00EC063D /* Localizable.strings in Resources */ = {isa = PBXBuildFile; fileRef = 6046A41616518B5E00EC063D /* Localizable.strings */; };
		6046A4191651999E00EC063D /* MessageUI.framework in Frameworks */ = {isa = PBXBuildFile; fileRef = 6046A4181651999D00EC063D /* MessageUI.framework */; };
		6046A42116519A4B00EC063D /* PMSKMessageUIViewController.m in Sources */ = {isa = PBXBuildFile; fileRef = 6046A41F16519A4B00EC063D /* PMSKMessageUIViewController.m */; };
		6046A42216519A4B00EC063D /* PMSKMessageUIViewController.xib in Resources */ = {isa = PBXBuildFile; fileRef = 6046A42016519A4B00EC063D /* PMSKMessageUIViewController.xib */; };
		6057EE4B1648482B0088CC28 /* PMSKLocalNotificationViewController.m in Sources */ = {isa = PBXBuildFile; fileRef = 6057EE491648482B0088CC28 /* PMSKLocalNotificationViewController.m */; };
		6057EE4C1648482B0088CC28 /* PMSKLocalNotificationViewController.xib in Resources */ = {isa = PBXBuildFile; fileRef = 6057EE4A1648482B0088CC28 /* PMSKLocalNotificationViewController.xib */; };
		6078B34616538A970093ACEF /* PMSKCoreAnimationViewController.m in Sources */ = {isa = PBXBuildFile; fileRef = 6078B34416538A970093ACEF /* PMSKCoreAnimationViewController.m */; };
		6078B34716538A970093ACEF /* PMSKCoreAnimationViewController.xib in Resources */ = {isa = PBXBuildFile; fileRef = 6078B34516538A970093ACEF /* PMSKCoreAnimationViewController.xib */; };
		6078B34916538B720093ACEF /* QuartzCore.framework in Frameworks */ = {isa = PBXBuildFile; fileRef = 6078B34816538B720093ACEF /* QuartzCore.framework */; };
		60C9B6531655932D006DD7A6 /* PMSKNavigationViewController.m in Sources */ = {isa = PBXBuildFile; fileRef = 60C9B6521655932D006DD7A6 /* PMSKNavigationViewController.m */; };
		60CCD17E16485ABE00577CB5 /* PMSKMapKitViewController.m in Sources */ = {isa = PBXBuildFile; fileRef = 60CCD17C16485ABE00577CB5 /* PMSKMapKitViewController.m */; };
		60CCD17F16485ABE00577CB5 /* PMSKMapKitViewController.xib in Resources */ = {isa = PBXBuildFile; fileRef = 60CCD17D16485ABE00577CB5 /* PMSKMapKitViewController.xib */; };
		60CCD18116485B7E00577CB5 /* MapKit.framework in Frameworks */ = {isa = PBXBuildFile; fileRef = 60CCD18016485B7E00577CB5 /* MapKit.framework */; };
		60CCD18416485D0B00577CB5 /* PMSKMyLocation.m in Sources */ = {isa = PBXBuildFile; fileRef = 60CCD18316485D0B00577CB5 /* PMSKMyLocation.m */; };
		60CCD1861648610E00577CB5 /* CoreLocation.framework in Frameworks */ = {isa = PBXBuildFile; fileRef = 60CCD1851648610E00577CB5 /* CoreLocation.framework */; };
		60E8D58D1653EC37008BAEE1 /* PMSKVideoPlayerViewController.m in Sources */ = {isa = PBXBuildFile; fileRef = 60E8D58B1653EC37008BAEE1 /* PMSKVideoPlayerViewController.m */; };
		60E8D58E1653EC37008BAEE1 /* PMSKVideoPlayerViewController.xib in Resources */ = {isa = PBXBuildFile; fileRef = 60E8D58C1653EC37008BAEE1 /* PMSKVideoPlayerViewController.xib */; };
		60E8D5901653ECE1008BAEE1 /* MediaPlayer.framework in Frameworks */ = {isa = PBXBuildFile; fileRef = 60E8D58F1653ECE1008BAEE1 /* MediaPlayer.framework */; };
		60E8D5921653EEE8008BAEE1 /* filevideo.m4v in Resources */ = {isa = PBXBuildFile; fileRef = 60E8D5911653EEE8008BAEE1 /* filevideo.m4v */; };
/* End PBXBuildFile section */

/* Begin PBXContainerItemProxy section */
		56BDA336156C2EA40091ECEF /* PBXContainerItemProxy */ = {
			isa = PBXContainerItemProxy;
			containerPortal = 56BDA32F156C2EA40091ECEF /* PMTouch.xcodeproj */;
			proxyType = 2;
			remoteGlobalIDString = 56BDA2E9156C2C250091ECEF;
			remoteInfo = PMTouch;
		};
		56BDA3FE156C35B00091ECEF /* PBXContainerItemProxy */ = {
			isa = PBXContainerItemProxy;
			containerPortal = 56BDA32F156C2EA40091ECEF /* PMTouch.xcodeproj */;
			proxyType = 1;
			remoteGlobalIDString = 56BDA2E8156C2C250091ECEF;
			remoteInfo = PMTouch;
		};
/* End PBXContainerItemProxy section */

/* Begin PBXFileReference section */
		56453F77156EC0C90011BF8D /* PMSKHomeViewController.h */ = {isa = PBXFileReference; fileEncoding = 4; lastKnownFileType = sourcecode.c.h; path = PMSKHomeViewController.h; sourceTree = "<group>"; };
		56453F78156EC0C90011BF8D /* PMSKHomeViewController.m */ = {isa = PBXFileReference; fileEncoding = 4; lastKnownFileType = sourcecode.c.objc; path = PMSKHomeViewController.m; sourceTree = "<group>"; };
		56453F79156EC0C90011BF8D /* PMSKHomeViewController.xib */ = {isa = PBXFileReference; fileEncoding = 4; lastKnownFileType = file.xib; path = PMSKHomeViewController.xib; sourceTree = "<group>"; };
		56453F7E156EC2A90011BF8D /* ViewControllers.plist */ = {isa = PBXFileReference; fileEncoding = 4; lastKnownFileType = text.plist.xml; path = ViewControllers.plist; sourceTree = "<group>"; };
		56453F8B156EC6EB0011BF8D /* PMSKNSURLConnectionViewController.h */ = {isa = PBXFileReference; fileEncoding = 4; lastKnownFileType = sourcecode.c.h; path = PMSKNSURLConnectionViewController.h; sourceTree = "<group>"; };
		56453F8C156EC6EB0011BF8D /* PMSKNSURLConnectionViewController.m */ = {isa = PBXFileReference; fileEncoding = 4; lastKnownFileType = sourcecode.c.objc; path = PMSKNSURLConnectionViewController.m; sourceTree = "<group>"; };
		56453F8D156EC6EB0011BF8D /* PMSKNSURLConnectionViewController.xib */ = {isa = PBXFileReference; fileEncoding = 4; lastKnownFileType = file.xib; path = PMSKNSURLConnectionViewController.xib; sourceTree = "<group>"; };
		56453F90156EC7010011BF8D /* PMSKASIHTTPRequestViewController.h */ = {isa = PBXFileReference; fileEncoding = 4; lastKnownFileType = sourcecode.c.h; path = PMSKASIHTTPRequestViewController.h; sourceTree = "<group>"; };
		56453F91156EC7010011BF8D /* PMSKASIHTTPRequestViewController.m */ = {isa = PBXFileReference; fileEncoding = 4; lastKnownFileType = sourcecode.c.objc; path = PMSKASIHTTPRequestViewController.m; sourceTree = "<group>"; };
		56453F92156EC7010011BF8D /* PMSKASIHTTPRequestViewController.xib */ = {isa = PBXFileReference; fileEncoding = 4; lastKnownFileType = file.xib; path = PMSKASIHTTPRequestViewController.xib; sourceTree = "<group>"; };
		56454032156EEBE30011BF8D /* PMSKPlanet.h */ = {isa = PBXFileReference; fileEncoding = 4; lastKnownFileType = sourcecode.c.h; path = PMSKPlanet.h; sourceTree = "<group>"; };
		56454033156EEBE30011BF8D /* PMSKPlanet.m */ = {isa = PBXFileReference; fileEncoding = 4; lastKnownFileType = sourcecode.c.objc; path = PMSKPlanet.m; sourceTree = "<group>"; };
		56454035156EED3C0011BF8D /* PMSKGalaxy.h */ = {isa = PBXFileReference; fileEncoding = 4; lastKnownFileType = sourcecode.c.h; path = PMSKGalaxy.h; sourceTree = "<group>"; };
		56454036156EED3C0011BF8D /* PMSKGalaxy.m */ = {isa = PBXFileReference; fileEncoding = 4; lastKnownFileType = sourcecode.c.objc; path = PMSKGalaxy.m; sourceTree = "<group>"; };
		56BDA2C2156C24F50091ECEF /* PMStarterKit.app */ = {isa = PBXFileReference; explicitFileType = wrapper.application; includeInIndex = 0; path = PMStarterKit.app; sourceTree = BUILT_PRODUCTS_DIR; };
		56BDA2C6156C24F50091ECEF /* UIKit.framework */ = {isa = PBXFileReference; lastKnownFileType = wrapper.framework; name = UIKit.framework; path = System/Library/Frameworks/UIKit.framework; sourceTree = SDKROOT; };
		56BDA2C8156C24F50091ECEF /* Foundation.framework */ = {isa = PBXFileReference; lastKnownFileType = wrapper.framework; name = Foundation.framework; path = System/Library/Frameworks/Foundation.framework; sourceTree = SDKROOT; };
		56BDA2CA156C24F50091ECEF /* CoreGraphics.framework */ = {isa = PBXFileReference; lastKnownFileType = wrapper.framework; name = CoreGraphics.framework; path = System/Library/Frameworks/CoreGraphics.framework; sourceTree = SDKROOT; };
		56BDA2CE156C24F50091ECEF /* PMStarterKit-Info.plist */ = {isa = PBXFileReference; lastKnownFileType = text.plist.xml; path = "PMStarterKit-Info.plist"; sourceTree = "<group>"; };
		56BDA2D0156C24F50091ECEF /* en */ = {isa = PBXFileReference; lastKnownFileType = text.plist.strings; name = en; path = en.lproj/InfoPlist.strings; sourceTree = "<group>"; };
		56BDA2D2156C24F50091ECEF /* main.m */ = {isa = PBXFileReference; lastKnownFileType = sourcecode.c.objc; path = main.m; sourceTree = "<group>"; };
		56BDA2D4156C24F50091ECEF /* PMStarterKit-Prefix.pch */ = {isa = PBXFileReference; lastKnownFileType = sourcecode.c.h; path = "PMStarterKit-Prefix.pch"; sourceTree = "<group>"; };
		56BDA2D5156C24F50091ECEF /* PMSKAppDelegate.h */ = {isa = PBXFileReference; lastKnownFileType = sourcecode.c.h; path = PMSKAppDelegate.h; sourceTree = "<group>"; };
		56BDA2D6156C24F50091ECEF /* PMSKAppDelegate.m */ = {isa = PBXFileReference; lastKnownFileType = sourcecode.c.objc; path = PMSKAppDelegate.m; sourceTree = "<group>"; };
		56BDA32F156C2EA40091ECEF /* PMTouch.xcodeproj */ = {isa = PBXFileReference; lastKnownFileType = "wrapper.pb-project"; path = PMTouch.xcodeproj; sourceTree = "<group>"; };
		56BDA456156C39BC0091ECEF /* CFNetwork.framework */ = {isa = PBXFileReference; lastKnownFileType = wrapper.framework; name = CFNetwork.framework; path = System/Library/Frameworks/CFNetwork.framework; sourceTree = SDKROOT; };
		56BDA458156C39C30091ECEF /* SystemConfiguration.framework */ = {isa = PBXFileReference; lastKnownFileType = wrapper.framework; name = SystemConfiguration.framework; path = System/Library/Frameworks/SystemConfiguration.framework; sourceTree = SDKROOT; };
		56BDA45A156C39C80091ECEF /* MobileCoreServices.framework */ = {isa = PBXFileReference; lastKnownFileType = wrapper.framework; name = MobileCoreServices.framework; path = System/Library/Frameworks/MobileCoreServices.framework; sourceTree = SDKROOT; };
		56BDA45C156C39DA0091ECEF /* libz.dylib */ = {isa = PBXFileReference; lastKnownFileType = "compiled.mach-o.dylib"; name = libz.dylib; path = usr/lib/libz.dylib; sourceTree = SDKROOT; };
		6015A82216519FB3009299A4 /* AVFoundation.framework */ = {isa = PBXFileReference; lastKnownFileType = wrapper.framework; name = AVFoundation.framework; path = System/Library/Frameworks/AVFoundation.framework; sourceTree = SDKROOT; };
		6015A82416519FF3009299A4 /* PMSKAudioPlayerViewController.h */ = {isa = PBXFileReference; fileEncoding = 4; lastKnownFileType = sourcecode.c.h; name = PMSKAudioPlayerViewController.h; path = AudioPlayer/PMSKAudioPlayerViewController.h; sourceTree = "<group>"; };
		6015A82516519FF3009299A4 /* PMSKAudioPlayerViewController.m */ = {isa = PBXFileReference; fileEncoding = 4; lastKnownFileType = sourcecode.c.objc; name = PMSKAudioPlayerViewController.m; path = AudioPlayer/PMSKAudioPlayerViewController.m; sourceTree = "<group>"; };
		6015A82616519FF3009299A4 /* PMSKAudioPlayerViewController.xib */ = {isa = PBXFileReference; fileEncoding = 4; lastKnownFileType = file.xib; name = PMSKAudioPlayerViewController.xib; path = AudioPlayer/PMSKAudioPlayerViewController.xib; sourceTree = "<group>"; };
		6015A82A1651A1D9009299A4 /* fileaudio.m4a */ = {isa = PBXFileReference; lastKnownFileType = file; path = fileaudio.m4a; sourceTree = "<group>"; };
		6018D9B3163F0C9B00118481 /* PMSKiAdViewController.h */ = {isa = PBXFileReference; fileEncoding = 4; lastKnownFileType = sourcecode.c.h; name = PMSKiAdViewController.h; path = iAd/PMSKiAdViewController.h; sourceTree = "<group>"; };
		6018D9B4163F0C9B00118481 /* PMSKiAdViewController.m */ = {isa = PBXFileReference; fileEncoding = 4; lastKnownFileType = sourcecode.c.objc; name = PMSKiAdViewController.m; path = iAd/PMSKiAdViewController.m; sourceTree = "<group>"; };
		6018D9B5163F0C9B00118481 /* PMSKiAdViewController.xib */ = {isa = PBXFileReference; fileEncoding = 4; lastKnownFileType = file.xib; name = PMSKiAdViewController.xib; path = iAd/PMSKiAdViewController.xib; sourceTree = "<group>"; };
		6018D9B8163F0D7300118481 /* iAd.framework */ = {isa = PBXFileReference; lastKnownFileType = wrapper.framework; name = iAd.framework; path = System/Library/Frameworks/iAd.framework; sourceTree = SDKROOT; };
		6018D9BA163F133D00118481 /* PMSKTempViewController.h */ = {isa = PBXFileReference; fileEncoding = 4; lastKnownFileType = sourcecode.c.h; name = PMSKTempViewController.h; path = Temp/PMSKTempViewController.h; sourceTree = "<group>"; };
		6018D9BB163F133D00118481 /* PMSKTempViewController.m */ = {isa = PBXFileReference; fileEncoding = 4; lastKnownFileType = sourcecode.c.objc; name = PMSKTempViewController.m; path = Temp/PMSKTempViewController.m; sourceTree = "<group>"; };
		6018D9BC163F133D00118481 /* PMSKTempViewController.xib */ = {isa = PBXFileReference; fileEncoding = 4; lastKnownFileType = file.xib; name = PMSKTempViewController.xib; path = Temp/PMSKTempViewController.xib; sourceTree = "<group>"; };
		601C6C201652DD3A0073EE98 /* MBProgressHUD.h */ = {isa = PBXFileReference; fileEncoding = 4; lastKnownFileType = sourcecode.c.h; name = MBProgressHUD.h; path = MBProgressHUD/MBProgressHUD.h; sourceTree = "<group>"; };
		601C6C211652DD3A0073EE98 /* MBProgressHUD.m */ = {isa = PBXFileReference; fileEncoding = 4; lastKnownFileType = sourcecode.c.objc; name = MBProgressHUD.m; path = MBProgressHUD/MBProgressHUD.m; sourceTree = "<group>"; };
		601C6C561652F4620073EE98 /* PMSKDesignPatternViewController.h */ = {isa = PBXFileReference; fileEncoding = 4; lastKnownFileType = sourcecode.c.h; name = PMSKDesignPatternViewController.h; path = DesignPattern/PMSKDesignPatternViewController.h; sourceTree = "<group>"; };
		601C6C571652F4620073EE98 /* PMSKDesignPatternViewController.m */ = {isa = PBXFileReference; fileEncoding = 4; lastKnownFileType = sourcecode.c.objc; name = PMSKDesignPatternViewController.m; path = DesignPattern/PMSKDesignPatternViewController.m; sourceTree = "<group>"; };
		601C6C581652F4620073EE98 /* PMSKDesignPatternViewController.xib */ = {isa = PBXFileReference; fileEncoding = 4; lastKnownFileType = file.xib; name = PMSKDesignPatternViewController.xib; path = DesignPattern/PMSKDesignPatternViewController.xib; sourceTree = "<group>"; };
		6020CF0C16530E9B002AC7AF /* AudioToolbox.framework */ = {isa = PBXFileReference; lastKnownFileType = wrapper.framework; name = AudioToolbox.framework; path = System/Library/Frameworks/AudioToolbox.framework; sourceTree = SDKROOT; };
		6022CADC16515B3700B3C9C6 /* PMSKInAppPurchaseViewController.h */ = {isa = PBXFileReference; fileEncoding = 4; lastKnownFileType = sourcecode.c.h; name = PMSKInAppPurchaseViewController.h; path = InAppPurchase/PMSKInAppPurchaseViewController.h; sourceTree = "<group>"; };
		6022CADD16515B3700B3C9C6 /* PMSKInAppPurchaseViewController.m */ = {isa = PBXFileReference; fileEncoding = 4; lastKnownFileType = sourcecode.c.objc; name = PMSKInAppPurchaseViewController.m; path = InAppPurchase/PMSKInAppPurchaseViewController.m; sourceTree = "<group>"; };
		6022CADE16515B3700B3C9C6 /* PMSKInAppPurchaseViewController.xib */ = {isa = PBXFileReference; fileEncoding = 4; lastKnownFileType = file.xib; name = PMSKInAppPurchaseViewController.xib; path = InAppPurchase/PMSKInAppPurchaseViewController.xib; sourceTree = "<group>"; };
		6022CAE116515B8B00B3C9C6 /* StoreKit.framework */ = {isa = PBXFileReference; lastKnownFileType = wrapper.framework; name = StoreKit.framework; path = System/Library/Frameworks/StoreKit.framework; sourceTree = SDKROOT; };
		6046A41516518B5E00EC063D /* en */ = {isa = PBXFileReference; lastKnownFileType = text.plist.strings; name = en; path = en.lproj/Localizable.strings; sourceTree = "<group>"; };
		6046A41716518BBF00EC063D /* it */ = {isa = PBXFileReference; lastKnownFileType = text.plist.strings; name = it; path = it.lproj/Localizable.strings; sourceTree = "<group>"; };
		6046A4181651999D00EC063D /* MessageUI.framework */ = {isa = PBXFileReference; lastKnownFileType = wrapper.framework; name = MessageUI.framework; path = System/Library/Frameworks/MessageUI.framework; sourceTree = SDKROOT; };
		6046A41E16519A4B00EC063D /* PMSKMessageUIViewController.h */ = {isa = PBXFileReference; fileEncoding = 4; lastKnownFileType = sourcecode.c.h; name = PMSKMessageUIViewController.h; path = MessageUI/PMSKMessageUIViewController.h; sourceTree = "<group>"; };
		6046A41F16519A4B00EC063D /* PMSKMessageUIViewController.m */ = {isa = PBXFileReference; fileEncoding = 4; lastKnownFileType = sourcecode.c.objc; name = PMSKMessageUIViewController.m; path = MessageUI/PMSKMessageUIViewController.m; sourceTree = "<group>"; };
		6046A42016519A4B00EC063D /* PMSKMessageUIViewController.xib */ = {isa = PBXFileReference; fileEncoding = 4; lastKnownFileType = file.xib; name = PMSKMessageUIViewController.xib; path = MessageUI/PMSKMessageUIViewController.xib; sourceTree = "<group>"; };
		6057EE481648482B0088CC28 /* PMSKLocalNotificationViewController.h */ = {isa = PBXFileReference; fileEncoding = 4; lastKnownFileType = sourcecode.c.h; name = PMSKLocalNotificationViewController.h; path = LocalNotification/PMSKLocalNotificationViewController.h; sourceTree = "<group>"; };
		6057EE491648482B0088CC28 /* PMSKLocalNotificationViewController.m */ = {isa = PBXFileReference; fileEncoding = 4; lastKnownFileType = sourcecode.c.objc; name = PMSKLocalNotificationViewController.m; path = LocalNotification/PMSKLocalNotificationViewController.m; sourceTree = "<group>"; };
		6057EE4A1648482B0088CC28 /* PMSKLocalNotificationViewController.xib */ = {isa = PBXFileReference; fileEncoding = 4; lastKnownFileType = file.xib; name = PMSKLocalNotificationViewController.xib; path = LocalNotification/PMSKLocalNotificationViewController.xib; sourceTree = "<group>"; };
		6078B34316538A970093ACEF /* PMSKCoreAnimationViewController.h */ = {isa = PBXFileReference; fileEncoding = 4; lastKnownFileType = sourcecode.c.h; name = PMSKCoreAnimationViewController.h; path = CoreAnimation/PMSKCoreAnimationViewController.h; sourceTree = "<group>"; };
		6078B34416538A970093ACEF /* PMSKCoreAnimationViewController.m */ = {isa = PBXFileReference; fileEncoding = 4; lastKnownFileType = sourcecode.c.objc; name = PMSKCoreAnimationViewController.m; path = CoreAnimation/PMSKCoreAnimationViewController.m; sourceTree = "<group>"; };
		6078B34516538A970093ACEF /* PMSKCoreAnimationViewController.xib */ = {isa = PBXFileReference; fileEncoding = 4; lastKnownFileType = file.xib; name = PMSKCoreAnimationViewController.xib; path = CoreAnimation/PMSKCoreAnimationViewController.xib; sourceTree = "<group>"; };
		6078B34816538B720093ACEF /* QuartzCore.framework */ = {isa = PBXFileReference; lastKnownFileType = wrapper.framework; name = QuartzCore.framework; path = System/Library/Frameworks/QuartzCore.framework; sourceTree = SDKROOT; };
		60C9B6511655932C006DD7A6 /* PMSKNavigationViewController.h */ = {isa = PBXFileReference; fileEncoding = 4; lastKnownFileType = sourcecode.c.h; path = PMSKNavigationViewController.h; sourceTree = "<group>"; };
		60C9B6521655932D006DD7A6 /* PMSKNavigationViewController.m */ = {isa = PBXFileReference; fileEncoding = 4; lastKnownFileType = sourcecode.c.objc; path = PMSKNavigationViewController.m; sourceTree = "<group>"; };
		60CCD17B16485ABE00577CB5 /* PMSKMapKitViewController.h */ = {isa = PBXFileReference; fileEncoding = 4; lastKnownFileType = sourcecode.c.h; name = PMSKMapKitViewController.h; path = MapKit/PMSKMapKitViewController.h; sourceTree = "<group>"; };
		60CCD17C16485ABE00577CB5 /* PMSKMapKitViewController.m */ = {isa = PBXFileReference; fileEncoding = 4; lastKnownFileType = sourcecode.c.objc; name = PMSKMapKitViewController.m; path = MapKit/PMSKMapKitViewController.m; sourceTree = "<group>"; };
		60CCD17D16485ABE00577CB5 /* PMSKMapKitViewController.xib */ = {isa = PBXFileReference; fileEncoding = 4; lastKnownFileType = file.xib; name = PMSKMapKitViewController.xib; path = MapKit/PMSKMapKitViewController.xib; sourceTree = "<group>"; };
		60CCD18016485B7E00577CB5 /* MapKit.framework */ = {isa = PBXFileReference; lastKnownFileType = wrapper.framework; name = MapKit.framework; path = System/Library/Frameworks/MapKit.framework; sourceTree = SDKROOT; };
		60CCD18216485D0B00577CB5 /* PMSKMyLocation.h */ = {isa = PBXFileReference; fileEncoding = 4; lastKnownFileType = sourcecode.c.h; name = PMSKMyLocation.h; path = MapKit/PMSKMyLocation.h; sourceTree = "<group>"; };
		60CCD18316485D0B00577CB5 /* PMSKMyLocation.m */ = {isa = PBXFileReference; fileEncoding = 4; lastKnownFileType = sourcecode.c.objc; name = PMSKMyLocation.m; path = MapKit/PMSKMyLocation.m; sourceTree = "<group>"; };
		60CCD1851648610E00577CB5 /* CoreLocation.framework */ = {isa = PBXFileReference; lastKnownFileType = wrapper.framework; name = CoreLocation.framework; path = System/Library/Frameworks/CoreLocation.framework; sourceTree = SDKROOT; };
		60E8D58A1653EC37008BAEE1 /* PMSKVideoPlayerViewController.h */ = {isa = PBXFileReference; fileEncoding = 4; lastKnownFileType = sourcecode.c.h; name = PMSKVideoPlayerViewController.h; path = VideoPlayer/PMSKVideoPlayerViewController.h; sourceTree = "<group>"; };
		60E8D58B1653EC37008BAEE1 /* PMSKVideoPlayerViewController.m */ = {isa = PBXFileReference; fileEncoding = 4; lastKnownFileType = sourcecode.c.objc; name = PMSKVideoPlayerViewController.m; path = VideoPlayer/PMSKVideoPlayerViewController.m; sourceTree = "<group>"; };
		60E8D58C1653EC37008BAEE1 /* PMSKVideoPlayerViewController.xib */ = {isa = PBXFileReference; fileEncoding = 4; lastKnownFileType = file.xib; name = PMSKVideoPlayerViewController.xib; path = VideoPlayer/PMSKVideoPlayerViewController.xib; sourceTree = "<group>"; };
		60E8D58F1653ECE1008BAEE1 /* MediaPlayer.framework */ = {isa = PBXFileReference; lastKnownFileType = wrapper.framework; name = MediaPlayer.framework; path = System/Library/Frameworks/MediaPlayer.framework; sourceTree = SDKROOT; };
		60E8D5911653EEE8008BAEE1 /* filevideo.m4v */ = {isa = PBXFileReference; lastKnownFileType = file; path = filevideo.m4v; sourceTree = "<group>"; };
/* End PBXFileReference section */

/* Begin PBXFrameworksBuildPhase section */
		56BDA2BF156C24F50091ECEF /* Frameworks */ = {
			isa = PBXFrameworksBuildPhase;
			buildActionMask = 2147483647;
			files = (
				60E8D5901653ECE1008BAEE1 /* MediaPlayer.framework in Frameworks */,
				6078B34916538B720093ACEF /* QuartzCore.framework in Frameworks */,
				6020CF0D16530E9B002AC7AF /* AudioToolbox.framework in Frameworks */,
				6015A82316519FB3009299A4 /* AVFoundation.framework in Frameworks */,
				6046A4191651999E00EC063D /* MessageUI.framework in Frameworks */,
				6022CAE216515B8B00B3C9C6 /* StoreKit.framework in Frameworks */,
				60CCD1861648610E00577CB5 /* CoreLocation.framework in Frameworks */,
				60CCD18116485B7E00577CB5 /* MapKit.framework in Frameworks */,
				6018D9B9163F0D7300118481 /* iAd.framework in Frameworks */,
				56BDA462156C3D320091ECEF /* libPMTouch.a in Frameworks */,
				56BDA45D156C39DA0091ECEF /* libz.dylib in Frameworks */,
				56BDA45B156C39C80091ECEF /* MobileCoreServices.framework in Frameworks */,
				56BDA459156C39C30091ECEF /* SystemConfiguration.framework in Frameworks */,
				56BDA457156C39BC0091ECEF /* CFNetwork.framework in Frameworks */,
				56BDA2CB156C24F50091ECEF /* CoreGraphics.framework in Frameworks */,
				56BDA2C7156C24F50091ECEF /* UIKit.framework in Frameworks */,
				56BDA2C9156C24F50091ECEF /* Foundation.framework in Frameworks */,
			);
			runOnlyForDeploymentPostprocessing = 0;
		};
/* End PBXFrameworksBuildPhase section */

/* Begin PBXGroup section */
		56453F74156EC06C0011BF8D /* Controllers */ = {
			isa = PBXGroup;
			children = (
				56453F76156EC0A00011BF8D /* Home */,
				56453F88156EC65A0011BF8D /* Networking */,
				601C6C551652F43A0073EE98 /* DesignPattern */,
				605FAC2A1653FFE60012DB6A /* CocoaTouch */,
				605FAC2B165400330012DB6A /* Media */,
				605FAC2C1654005A0012DB6A /* CoreServices */,
				6018D9BF163F135600118481 /* Temp */,
				60C9B6511655932C006DD7A6 /* PMSKNavigationViewController.h */,
				60C9B6521655932D006DD7A6 /* PMSKNavigationViewController.m */,
			);
			path = Controllers;
			sourceTree = "<group>";
		};
		56453F75156EC0750011BF8D /* Application */ = {
			isa = PBXGroup;
			children = (
				56BDA2D5156C24F50091ECEF /* PMSKAppDelegate.h */,
				56BDA2D6156C24F50091ECEF /* PMSKAppDelegate.m */,
			);
			path = Application;
			sourceTree = "<group>";
		};
		56453F76156EC0A00011BF8D /* Home */ = {
			isa = PBXGroup;
			children = (
				56453F77156EC0C90011BF8D /* PMSKHomeViewController.h */,
				56453F78156EC0C90011BF8D /* PMSKHomeViewController.m */,
				56453F79156EC0C90011BF8D /* PMSKHomeViewController.xib */,
			);
			path = Home;
			sourceTree = "<group>";
		};
		56453F7C156EC22C0011BF8D /* Resources */ = {
			isa = PBXGroup;
			children = (
				60E8D5911653EEE8008BAEE1 /* filevideo.m4v */,
				6015A82A1651A1D9009299A4 /* fileaudio.m4a */,
				56453F7D156EC26A0011BF8D /* Plists */,
				6046A41616518B5E00EC063D /* Localizable.strings */,
			);
			path = Resources;
			sourceTree = "<group>";
		};
		56453F7D156EC26A0011BF8D /* Plists */ = {
			isa = PBXGroup;
			children = (
				56453F7E156EC2A90011BF8D /* ViewControllers.plist */,
			);
			path = Plists;
			sourceTree = "<group>";
		};
		56453F88156EC65A0011BF8D /* Networking */ = {
			isa = PBXGroup;
			children = (
				56453F89156EC69E0011BF8D /* ASIHTTPRequest */,
				56453F8A156EC6EB0011BF8D /* NSURLConnection */,
			);
			path = Networking;
			sourceTree = "<group>";
		};
		56453F89156EC69E0011BF8D /* ASIHTTPRequest */ = {
			isa = PBXGroup;
			children = (
				56453F90156EC7010011BF8D /* PMSKASIHTTPRequestViewController.h */,
				56453F91156EC7010011BF8D /* PMSKASIHTTPRequestViewController.m */,
				56453F92156EC7010011BF8D /* PMSKASIHTTPRequestViewController.xib */,
			);
			path = ASIHTTPRequest;
			sourceTree = "<group>";
		};
		56453F8A156EC6EB0011BF8D /* NSURLConnection */ = {
			isa = PBXGroup;
			children = (
				56453F8B156EC6EB0011BF8D /* PMSKNSURLConnectionViewController.h */,
				56453F8C156EC6EB0011BF8D /* PMSKNSURLConnectionViewController.m */,
				56453F8D156EC6EB0011BF8D /* PMSKNSURLConnectionViewController.xib */,
			);
			path = NSURLConnection;
			sourceTree = "<group>";
		};
		56454030156EEB2F0011BF8D /* Domains */ = {
			isa = PBXGroup;
			children = (
				56454031156EEBC10011BF8D /* Nasa */,
			);
			path = Domains;
			sourceTree = "<group>";
		};
		56454031156EEBC10011BF8D /* Nasa */ = {
			isa = PBXGroup;
			children = (
				56454032156EEBE30011BF8D /* PMSKPlanet.h */,
				56454033156EEBE30011BF8D /* PMSKPlanet.m */,
				56454035156EED3C0011BF8D /* PMSKGalaxy.h */,
				56454036156EED3C0011BF8D /* PMSKGalaxy.m */,
			);
			path = Nasa;
			sourceTree = "<group>";
		};
		56BDA2B7156C24F50091ECEF = {
			isa = PBXGroup;
			children = (
				56BDA2CC156C24F50091ECEF /* PMStarterKit */,
				56BDA2C5156C24F50091ECEF /* Frameworks */,
				56BDA2C3156C24F50091ECEF /* Products */,
			);
			sourceTree = "<group>";
		};
		56BDA2C3156C24F50091ECEF /* Products */ = {
			isa = PBXGroup;
			children = (
				56BDA2C2156C24F50091ECEF /* PMStarterKit.app */,
			);
			name = Products;
			sourceTree = "<group>";
		};
		56BDA2C5156C24F50091ECEF /* Frameworks */ = {
			isa = PBXGroup;
			children = (
				56BDA45C156C39DA0091ECEF /* libz.dylib */,
				60E8D58F1653ECE1008BAEE1 /* MediaPlayer.framework */,
				6078B34816538B720093ACEF /* QuartzCore.framework */,
				6020CF0C16530E9B002AC7AF /* AudioToolbox.framework */,
				6015A82216519FB3009299A4 /* AVFoundation.framework */,
				6046A4181651999D00EC063D /* MessageUI.framework */,
				6022CAE116515B8B00B3C9C6 /* StoreKit.framework */,
				60CCD1851648610E00577CB5 /* CoreLocation.framework */,
				60CCD18016485B7E00577CB5 /* MapKit.framework */,
				6018D9B8163F0D7300118481 /* iAd.framework */,
				56BDA456156C39BC0091ECEF /* CFNetwork.framework */,
				56BDA2CA156C24F50091ECEF /* CoreGraphics.framework */,
				56BDA2C8156C24F50091ECEF /* Foundation.framework */,
				56BDA45A156C39C80091ECEF /* MobileCoreServices.framework */,
				56BDA458156C39C30091ECEF /* SystemConfiguration.framework */,
				56BDA2C6156C24F50091ECEF /* UIKit.framework */,
			);
			name = Frameworks;
			sourceTree = "<group>";
		};
		56BDA2CC156C24F50091ECEF /* PMStarterKit */ = {
			isa = PBXGroup;
			children = (
				56453F75156EC0750011BF8D /* Application */,
				56453F74156EC06C0011BF8D /* Controllers */,
				56454030156EEB2F0011BF8D /* Domains */,
				56BDA2DD156C2B3C0091ECEF /* Libraries */,
				56453F7C156EC22C0011BF8D /* Resources */,
				56BDA2CD156C24F50091ECEF /* Supporting Files */,
			);
			path = PMStarterKit;
			sourceTree = "<group>";
		};
		56BDA2CD156C24F50091ECEF /* Supporting Files */ = {
			isa = PBXGroup;
			children = (
				56BDA2CE156C24F50091ECEF /* PMStarterKit-Info.plist */,
				56BDA2CF156C24F50091ECEF /* InfoPlist.strings */,
				56BDA2D2156C24F50091ECEF /* main.m */,
				56BDA2D4156C24F50091ECEF /* PMStarterKit-Prefix.pch */,
			);
			name = "Supporting Files";
			sourceTree = "<group>";
		};
		56BDA2DD156C2B3C0091ECEF /* Libraries */ = {
			isa = PBXGroup;
			children = (
				601C6C1F1652DD180073EE98 /* MBProgressHUD */,
				56BDA312156C2E6E0091ECEF /* PMTouch */,
			);
			path = Libraries;
			sourceTree = "<group>";
		};
		56BDA312156C2E6E0091ECEF /* PMTouch */ = {
			isa = PBXGroup;
			children = (
				56BDA314156C2E6E0091ECEF /* PMTouch */,
			);
			path = PMTouch;
			sourceTree = "<group>";
		};
		56BDA314156C2E6E0091ECEF /* PMTouch */ = {
			isa = PBXGroup;
			children = (
				56BDA32F156C2EA40091ECEF /* PMTouch.xcodeproj */,
			);
			path = PMTouch;
			sourceTree = "<group>";
		};
		56BDA330156C2EA40091ECEF /* Products */ = {
			isa = PBXGroup;
			children = (
				56BDA337156C2EA40091ECEF /* libPMTouch.a */,
			);
			name = Products;
			sourceTree = "<group>";
		};
		6015A82916519FFE009299A4 /* AudioPlayer */ = {
			isa = PBXGroup;
			children = (
				6015A82416519FF3009299A4 /* PMSKAudioPlayerViewController.h */,
				6015A82516519FF3009299A4 /* PMSKAudioPlayerViewController.m */,
				6015A82616519FF3009299A4 /* PMSKAudioPlayerViewController.xib */,
			);
			name = AudioPlayer;
			sourceTree = "<group>";
		};
		6018D9B2163F0C7E00118481 /* iAd */ = {
			isa = PBXGroup;
			children = (
				6018D9B3163F0C9B00118481 /* PMSKiAdViewController.h */,
				6018D9B4163F0C9B00118481 /* PMSKiAdViewController.m */,
				6018D9B5163F0C9B00118481 /* PMSKiAdViewController.xib */,
			);
			name = iAd;
			sourceTree = "<group>";
		};
		6018D9BF163F135600118481 /* Temp */ = {
			isa = PBXGroup;
			children = (
				6018D9BA163F133D00118481 /* PMSKTempViewController.h */,
				6018D9BB163F133D00118481 /* PMSKTempViewController.m */,
				6018D9BC163F133D00118481 /* PMSKTempViewController.xib */,
			);
			name = Temp;
			sourceTree = "<group>";
		};
		601C6C1F1652DD180073EE98 /* MBProgressHUD */ = {
			isa = PBXGroup;
			children = (
				601C6C201652DD3A0073EE98 /* MBProgressHUD.h */,
				601C6C211652DD3A0073EE98 /* MBProgressHUD.m */,
			);
			name = MBProgressHUD;
			sourceTree = "<group>";
		};
		601C6C551652F43A0073EE98 /* DesignPattern */ = {
			isa = PBXGroup;
			children = (
				601C6C561652F4620073EE98 /* PMSKDesignPatternViewController.h */,
				601C6C571652F4620073EE98 /* PMSKDesignPatternViewController.m */,
				601C6C581652F4620073EE98 /* PMSKDesignPatternViewController.xib */,
			);
			name = DesignPattern;
			sourceTree = "<group>";
		};
		6022CADB16515A5500B3C9C6 /* InAppPurchase */ = {
			isa = PBXGroup;
			children = (
				6022CADC16515B3700B3C9C6 /* PMSKInAppPurchaseViewController.h */,
				6022CADD16515B3700B3C9C6 /* PMSKInAppPurchaseViewController.m */,
				6022CADE16515B3700B3C9C6 /* PMSKInAppPurchaseViewController.xib */,
			);
			name = InAppPurchase;
			sourceTree = "<group>";
		};
		6046A41A165199F200EC063D /* MessageUI */ = {
			isa = PBXGroup;
			children = (
				6046A41E16519A4B00EC063D /* PMSKMessageUIViewController.h */,
				6046A41F16519A4B00EC063D /* PMSKMessageUIViewController.m */,
				6046A42016519A4B00EC063D /* PMSKMessageUIViewController.xib */,
			);
			name = MessageUI;
			sourceTree = "<group>";
		};
		6057EE47164848060088CC28 /* LocalNotification */ = {
			isa = PBXGroup;
			children = (
				6057EE481648482B0088CC28 /* PMSKLocalNotificationViewController.h */,
				6057EE491648482B0088CC28 /* PMSKLocalNotificationViewController.m */,
				6057EE4A1648482B0088CC28 /* PMSKLocalNotificationViewController.xib */,
			);
			name = LocalNotification;
			sourceTree = "<group>";
		};
		605FAC2A1653FFE60012DB6A /* CocoaTouch */ = {
			isa = PBXGroup;
			children = (
				6046A41A165199F200EC063D /* MessageUI */,
				6057EE47164848060088CC28 /* LocalNotification */,
				60CCD17A16485AA600577CB5 /* MapKit */,
				6018D9B2163F0C7E00118481 /* iAd */,
			);
			name = CocoaTouch;
			sourceTree = "<group>";
		};
		605FAC2B165400330012DB6A /* Media */ = {
			isa = PBXGroup;
			children = (
				6078B34216538A750093ACEF /* CoreAnimation */,
				6015A82916519FFE009299A4 /* AudioPlayer */,
				60E8D5891653EC09008BAEE1 /* VideoPlayer */,
			);
			name = Media;
			sourceTree = "<group>";
		};
		605FAC2C1654005A0012DB6A /* CoreServices */ = {
			isa = PBXGroup;
			children = (
				6022CADB16515A5500B3C9C6 /* InAppPurchase */,
			);
			name = CoreServices;
			sourceTree = "<group>";
		};
		6078B34216538A750093ACEF /* CoreAnimation */ = {
			isa = PBXGroup;
			children = (
				6078B34316538A970093ACEF /* PMSKCoreAnimationViewController.h */,
				6078B34416538A970093ACEF /* PMSKCoreAnimationViewController.m */,
				6078B34516538A970093ACEF /* PMSKCoreAnimationViewController.xib */,
			);
			name = CoreAnimation;
			sourceTree = "<group>";
		};
		60CCD17A16485AA600577CB5 /* MapKit */ = {
			isa = PBXGroup;
			children = (
				60CCD18216485D0B00577CB5 /* PMSKMyLocation.h */,
				60CCD18316485D0B00577CB5 /* PMSKMyLocation.m */,
				60CCD17B16485ABE00577CB5 /* PMSKMapKitViewController.h */,
				60CCD17C16485ABE00577CB5 /* PMSKMapKitViewController.m */,
				60CCD17D16485ABE00577CB5 /* PMSKMapKitViewController.xib */,
			);
			name = MapKit;
			sourceTree = "<group>";
		};
		60E8D5891653EC09008BAEE1 /* VideoPlayer */ = {
			isa = PBXGroup;
			children = (
				60E8D58A1653EC37008BAEE1 /* PMSKVideoPlayerViewController.h */,
				60E8D58B1653EC37008BAEE1 /* PMSKVideoPlayerViewController.m */,
				60E8D58C1653EC37008BAEE1 /* PMSKVideoPlayerViewController.xib */,
			);
			name = VideoPlayer;
			sourceTree = "<group>";
		};
/* End PBXGroup section */

/* Begin PBXNativeTarget section */
		56BDA2C1156C24F50091ECEF /* PMStarterKit */ = {
			isa = PBXNativeTarget;
			buildConfigurationList = 56BDA2DA156C24F50091ECEF /* Build configuration list for PBXNativeTarget "PMStarterKit" */;
			buildPhases = (
				56BDA2BE156C24F50091ECEF /* Sources */,
				56BDA2BF156C24F50091ECEF /* Frameworks */,
				56BDA2C0156C24F50091ECEF /* Resources */,
			);
			buildRules = (
			);
			dependencies = (
				56BDA3FF156C35B00091ECEF /* PBXTargetDependency */,
			);
			name = PMStarterKit;
			productName = PMStarterKit;
			productReference = 56BDA2C2156C24F50091ECEF /* PMStarterKit.app */;
			productType = "com.apple.product-type.application";
		};
/* End PBXNativeTarget section */

/* Begin PBXProject section */
		56BDA2B9156C24F50091ECEF /* Project object */ = {
			isa = PBXProject;
			attributes = {
				CLASSPREFIX = PMSK;
				LastUpgradeCheck = 0430;
				ORGANIZATIONNAME = pragmamark.org;
			};
			buildConfigurationList = 56BDA2BC156C24F50091ECEF /* Build configuration list for PBXProject "PMStarterKit" */;
			compatibilityVersion = "Xcode 3.2";
			developmentRegion = English;
			hasScannedForEncodings = 0;
			knownRegions = (
				en,
				it,
			);
			mainGroup = 56BDA2B7156C24F50091ECEF;
			productRefGroup = 56BDA2C3156C24F50091ECEF /* Products */;
			projectDirPath = "";
			projectReferences = (
				{
					ProductGroup = 56BDA330156C2EA40091ECEF /* Products */;
					ProjectRef = 56BDA32F156C2EA40091ECEF /* PMTouch.xcodeproj */;
				},
			);
			projectRoot = "";
			targets = (
				56BDA2C1156C24F50091ECEF /* PMStarterKit */,
			);
		};
/* End PBXProject section */

/* Begin PBXReferenceProxy section */
		56BDA337156C2EA40091ECEF /* libPMTouch.a */ = {
			isa = PBXReferenceProxy;
			fileType = archive.ar;
			path = libPMTouch.a;
			remoteRef = 56BDA336156C2EA40091ECEF /* PBXContainerItemProxy */;
			sourceTree = BUILT_PRODUCTS_DIR;
		};
/* End PBXReferenceProxy section */

/* Begin PBXResourcesBuildPhase section */
		56BDA2C0156C24F50091ECEF /* Resources */ = {
			isa = PBXResourcesBuildPhase;
			buildActionMask = 2147483647;
			files = (
				56BDA2D1156C24F50091ECEF /* InfoPlist.strings in Resources */,
				56453F7B156EC0C90011BF8D /* PMSKHomeViewController.xib in Resources */,
				56453F7F156EC2A90011BF8D /* ViewControllers.plist in Resources */,
				56453F8F156EC6EB0011BF8D /* PMSKNSURLConnectionViewController.xib in Resources */,
				56453F94156EC7010011BF8D /* PMSKASIHTTPRequestViewController.xib in Resources */,
				6018D9B7163F0C9B00118481 /* PMSKiAdViewController.xib in Resources */,
				6018D9BE163F133D00118481 /* PMSKTempViewController.xib in Resources */,
				6057EE4C1648482B0088CC28 /* PMSKLocalNotificationViewController.xib in Resources */,
				60CCD17F16485ABE00577CB5 /* PMSKMapKitViewController.xib in Resources */,
				6022CAE016515B3700B3C9C6 /* PMSKInAppPurchaseViewController.xib in Resources */,
				6046A41416518B5E00EC063D /* Localizable.strings in Resources */,
				6046A42216519A4B00EC063D /* PMSKMessageUIViewController.xib in Resources */,
				6015A82816519FF3009299A4 /* PMSKAudioPlayerViewController.xib in Resources */,
				6015A82B1651A1D9009299A4 /* fileaudio.m4a in Resources */,
				601C6C5A1652F4620073EE98 /* PMSKDesignPatternViewController.xib in Resources */,
				6078B34716538A970093ACEF /* PMSKCoreAnimationViewController.xib in Resources */,
				60E8D58E1653EC37008BAEE1 /* PMSKVideoPlayerViewController.xib in Resources */,
				60E8D5921653EEE8008BAEE1 /* filevideo.m4v in Resources */,
			);
			runOnlyForDeploymentPostprocessing = 0;
		};
/* End PBXResourcesBuildPhase section */

/* Begin PBXSourcesBuildPhase section */
		56BDA2BE156C24F50091ECEF /* Sources */ = {
			isa = PBXSourcesBuildPhase;
			buildActionMask = 2147483647;
			files = (
				56BDA2D3156C24F50091ECEF /* main.m in Sources */,
				56BDA2D7156C24F50091ECEF /* PMSKAppDelegate.m in Sources */,
				56453F7A156EC0C90011BF8D /* PMSKHomeViewController.m in Sources */,
				56453F8E156EC6EB0011BF8D /* PMSKNSURLConnectionViewController.m in Sources */,
				56453F93156EC7010011BF8D /* PMSKASIHTTPRequestViewController.m in Sources */,
				56454034156EEBE30011BF8D /* PMSKPlanet.m in Sources */,
				56454037156EED3C0011BF8D /* PMSKGalaxy.m in Sources */,
				6018D9B6163F0C9B00118481 /* PMSKiAdViewController.m in Sources */,
				6018D9BD163F133D00118481 /* PMSKTempViewController.m in Sources */,
				6057EE4B1648482B0088CC28 /* PMSKLocalNotificationViewController.m in Sources */,
				60CCD17E16485ABE00577CB5 /* PMSKMapKitViewController.m in Sources */,
				60CCD18416485D0B00577CB5 /* PMSKMyLocation.m in Sources */,
				6022CADF16515B3700B3C9C6 /* PMSKInAppPurchaseViewController.m in Sources */,
				6046A42116519A4B00EC063D /* PMSKMessageUIViewController.m in Sources */,
				6015A82716519FF3009299A4 /* PMSKAudioPlayerViewController.m in Sources */,
				601C6C221652DD3A0073EE98 /* MBProgressHUD.m in Sources */,
				601C6C591652F4620073EE98 /* PMSKDesignPatternViewController.m in Sources */,
				6078B34616538A970093ACEF /* PMSKCoreAnimationViewController.m in Sources */,
				60E8D58D1653EC37008BAEE1 /* PMSKVideoPlayerViewController.m in Sources */,
				60C9B6531655932D006DD7A6 /* PMSKNavigationViewController.m in Sources */,
			);
			runOnlyForDeploymentPostprocessing = 0;
		};
/* End PBXSourcesBuildPhase section */

/* Begin PBXTargetDependency section */
		56BDA3FF156C35B00091ECEF /* PBXTargetDependency */ = {
			isa = PBXTargetDependency;
			name = PMTouch;
			targetProxy = 56BDA3FE156C35B00091ECEF /* PBXContainerItemProxy */;
		};
/* End PBXTargetDependency section */

/* Begin PBXVariantGroup section */
		56BDA2CF156C24F50091ECEF /* InfoPlist.strings */ = {
			isa = PBXVariantGroup;
			children = (
				56BDA2D0156C24F50091ECEF /* en */,
			);
			name = InfoPlist.strings;
			sourceTree = "<group>";
		};
		6046A41616518B5E00EC063D /* Localizable.strings */ = {
			isa = PBXVariantGroup;
			children = (
				6046A41516518B5E00EC063D /* en */,
				6046A41716518BBF00EC063D /* it */,
			);
			name = Localizable.strings;
			sourceTree = "<group>";
		};
/* End PBXVariantGroup section */

/* Begin XCBuildConfiguration section */
		56BDA2D8156C24F50091ECEF /* Debug */ = {
			isa = XCBuildConfiguration;
			buildSettings = {
				ARCHS = "$(ARCHS_STANDARD_32_BIT)";
				"CODE_SIGN_IDENTITY[sdk=iphoneos*]" = "iPhone Developer";
				COPY_PHASE_STRIP = NO;
				GCC_C_LANGUAGE_STANDARD = gnu99;
				GCC_DYNAMIC_NO_PIC = NO;
				GCC_OPTIMIZATION_LEVEL = 0;
				GCC_PREPROCESSOR_DEFINITIONS = (
					"DEBUG=1",
					"$(inherited)",
				);
				GCC_SYMBOLS_PRIVATE_EXTERN = NO;
				GCC_VERSION = com.apple.compilers.llvm.clang.1_0;
				GCC_WARN_ABOUT_RETURN_TYPE = YES;
				GCC_WARN_UNINITIALIZED_AUTOS = YES;
				GCC_WARN_UNUSED_VARIABLE = YES;
				IPHONEOS_DEPLOYMENT_TARGET = 5.1;
				OTHER_LDFLAGS = (
					"-ObjC",
					"-all_load",
				);
				SDKROOT = iphoneos;
				USER_HEADER_SEARCH_PATHS = "$(BUILT_PRODUCTS_DIR)/PMTouch\"/**";
			};
			name = Debug;
		};
		56BDA2D9156C24F50091ECEF /* Release */ = {
			isa = XCBuildConfiguration;
			buildSettings = {
				ARCHS = "$(ARCHS_STANDARD_32_BIT)";
				"CODE_SIGN_IDENTITY[sdk=iphoneos*]" = "iPhone Developer";
				COPY_PHASE_STRIP = YES;
				GCC_C_LANGUAGE_STANDARD = gnu99;
				GCC_VERSION = com.apple.compilers.llvm.clang.1_0;
				GCC_WARN_ABOUT_RETURN_TYPE = YES;
				GCC_WARN_UNINITIALIZED_AUTOS = YES;
				GCC_WARN_UNUSED_VARIABLE = YES;
				IPHONEOS_DEPLOYMENT_TARGET = 5.1;
				OTHER_CFLAGS = "-DNS_BLOCK_ASSERTIONS=1";
				OTHER_LDFLAGS = (
					"-ObjC",
					"-all_load",
				);
				SDKROOT = iphoneos;
				USER_HEADER_SEARCH_PATHS = "$(BUILT_PRODUCTS_DIR)/PMTouch\"/**";
				VALIDATE_PRODUCT = YES;
			};
			name = Release;
		};
		56BDA2DB156C24F50091ECEF /* Debug */ = {
			isa = XCBuildConfiguration;
			buildSettings = {
				"CODE_SIGN_IDENTITY[sdk=iphoneos*]" = "";
				GCC_PRECOMPILE_PREFIX_HEADER = YES;
				GCC_PREFIX_HEADER = "PMStarterKit/PMStarterKit-Prefix.pch";
				INFOPLIST_FILE = "PMStarterKit/PMStarterKit-Info.plist";
				PRODUCT_NAME = "$(TARGET_NAME)";
				WRAPPER_EXTENSION = app;
			};
			name = Debug;
		};
		56BDA2DC156C24F50091ECEF /* Release */ = {
			isa = XCBuildConfiguration;
			buildSettings = {
				"CODE_SIGN_IDENTITY[sdk=iphoneos*]" = "";
				GCC_PRECOMPILE_PREFIX_HEADER = YES;
				GCC_PREFIX_HEADER = "PMStarterKit/PMStarterKit-Prefix.pch";
				INFOPLIST_FILE = "PMStarterKit/PMStarterKit-Info.plist";
				PRODUCT_NAME = "$(TARGET_NAME)";
				WRAPPER_EXTENSION = app;
			};
			name = Release;
		};
/* End XCBuildConfiguration section */

/* Begin XCConfigurationList section */
		56BDA2BC156C24F50091ECEF /* Build configuration list for PBXProject "PMStarterKit" */ = {
			isa = XCConfigurationList;
			buildConfigurations = (
				56BDA2D8156C24F50091ECEF /* Debug */,
				56BDA2D9156C24F50091ECEF /* Release */,
			);
			defaultConfigurationIsVisible = 0;
			defaultConfigurationName = Release;
		};
		56BDA2DA156C24F50091ECEF /* Build configuration list for PBXNativeTarget "PMStarterKit" */ = {
			isa = XCConfigurationList;
			buildConfigurations = (
				56BDA2DB156C24F50091ECEF /* Debug */,
				56BDA2DC156C24F50091ECEF /* Release */,
			);
			defaultConfigurationIsVisible = 0;
			defaultConfigurationName = Release;
		};
/* End XCConfigurationList section */
	};
	rootObject = 56BDA2B9156C24F50091ECEF /* Project object */;
}
